// !$*UTF8*$!
{
	archiveVersion = 1;
	classes = {
	};
	objectVersion = 56;
	objects = {

/* Begin PBXBuildFile section */
		014612D72B146FDD00A15E78 /* PhotoViewExtension.swift in Sources */ = {isa = PBXBuildFile; fileRef = 014612D62B146FDD00A15E78 /* PhotoViewExtension.swift */; };
		01869EA92B0B6660002859E0 /* AppDelegate.swift in Sources */ = {isa = PBXBuildFile; fileRef = 01869EA82B0B6660002859E0 /* AppDelegate.swift */; };
		01869EAB2B0B6660002859E0 /* SceneDelegate.swift in Sources */ = {isa = PBXBuildFile; fileRef = 01869EAA2B0B6660002859E0 /* SceneDelegate.swift */; };
		01869EAD2B0B6660002859E0 /* ViewController.swift in Sources */ = {isa = PBXBuildFile; fileRef = 01869EAC2B0B6660002859E0 /* ViewController.swift */; };
		01869EB02B0B6660002859E0 /* Main.storyboard in Resources */ = {isa = PBXBuildFile; fileRef = 01869EAE2B0B6660002859E0 /* Main.storyboard */; };
		01869EB22B0B6663002859E0 /* Assets.xcassets in Resources */ = {isa = PBXBuildFile; fileRef = 01869EB12B0B6663002859E0 /* Assets.xcassets */; };
		01869EB52B0B6663002859E0 /* LaunchScreen.storyboard in Resources */ = {isa = PBXBuildFile; fileRef = 01869EB32B0B6663002859E0 /* LaunchScreen.storyboard */; };
		018A08192B148F90003E924F /* TouristPhoto.swift in Sources */ = {isa = PBXBuildFile; fileRef = 018A08152B148F90003E924F /* TouristPhoto.swift */; };
		018A081A2B148F90003E924F /* Size.swift in Sources */ = {isa = PBXBuildFile; fileRef = 018A08162B148F90003E924F /* Size.swift */; };
		018A081B2B148F90003E924F /* Sizes.swift in Sources */ = {isa = PBXBuildFile; fileRef = 018A08172B148F90003E924F /* Sizes.swift */; };
		018A081C2B148F90003E924F /* TouristPhotos.swift in Sources */ = {isa = PBXBuildFile; fileRef = 018A08182B148F90003E924F /* TouristPhotos.swift */; };
		018A081F2B148FD7003E924F /* VirtualTourist.xcdatamodeld in Sources */ = {isa = PBXBuildFile; fileRef = 018A081D2B148FD7003E924F /* VirtualTourist.xcdatamodeld */; };
		018A08242B1498F8003E924F /* Helper.swift in Sources */ = {isa = PBXBuildFile; fileRef = 018A08232B1498F8003E924F /* Helper.swift */; };
		01AECAA72B0C847A00A7E5EA /* TouristExtension.swift in Sources */ = {isa = PBXBuildFile; fileRef = 01AECAA62B0C847A00A7E5EA /* TouristExtension.swift */; };
		01AECAB62B0CA20200A7E5EA /* DataController.swift in Sources */ = {isa = PBXBuildFile; fileRef = 01AECAB52B0CA20200A7E5EA /* DataController.swift */; };
		01AECABE2B0CAB7600A7E5EA /* MapViewController.swift in Sources */ = {isa = PBXBuildFile; fileRef = 01AECABD2B0CAB7600A7E5EA /* MapViewController.swift */; };
		01AECAC02B0CAB8B00A7E5EA /* PhotoViewController.swift in Sources */ = {isa = PBXBuildFile; fileRef = 01AECABF2B0CAB8B00A7E5EA /* PhotoViewController.swift */; };
		01AF53C22B0C51E9004DBF50 /* TouristService.swift in Sources */ = {isa = PBXBuildFile; fileRef = 01AF53C12B0C51E9004DBF50 /* TouristService.swift */; };
		01CDC18F2B0E07C5005F6BD1 /* CollectionViewCell.swift in Sources */ = {isa = PBXBuildFile; fileRef = 01CDC18E2B0E07C5005F6BD1 /* CollectionViewCell.swift */; };
/* End PBXBuildFile section */

/* Begin PBXFileReference section */
		014612D62B146FDD00A15E78 /* PhotoViewExtension.swift */ = {isa = PBXFileReference; lastKnownFileType = sourcecode.swift; path = PhotoViewExtension.swift; sourceTree = "<group>"; };
		01869EA52B0B6660002859E0 /* [P03] Virtual Tourist.app */ = {isa = PBXFileReference; explicitFileType = wrapper.application; includeInIndex = 0; path = "[P03] Virtual Tourist.app"; sourceTree = BUILT_PRODUCTS_DIR; };
		01869EA82B0B6660002859E0 /* AppDelegate.swift */ = {isa = PBXFileReference; lastKnownFileType = sourcecode.swift; path = AppDelegate.swift; sourceTree = "<group>"; };
		01869EAA2B0B6660002859E0 /* SceneDelegate.swift */ = {isa = PBXFileReference; lastKnownFileType = sourcecode.swift; path = SceneDelegate.swift; sourceTree = "<group>"; };
		01869EAC2B0B6660002859E0 /* ViewController.swift */ = {isa = PBXFileReference; lastKnownFileType = sourcecode.swift; path = ViewController.swift; sourceTree = "<group>"; };
		01869EAF2B0B6660002859E0 /* Base */ = {isa = PBXFileReference; lastKnownFileType = file.storyboard; name = Base; path = Base.lproj/Main.storyboard; sourceTree = "<group>"; };
		01869EB12B0B6663002859E0 /* Assets.xcassets */ = {isa = PBXFileReference; lastKnownFileType = folder.assetcatalog; path = Assets.xcassets; sourceTree = "<group>"; };
		01869EB42B0B6663002859E0 /* Base */ = {isa = PBXFileReference; lastKnownFileType = file.storyboard; name = Base; path = Base.lproj/LaunchScreen.storyboard; sourceTree = "<group>"; };
		01869EB62B0B6663002859E0 /* Info.plist */ = {isa = PBXFileReference; lastKnownFileType = text.plist.xml; path = Info.plist; sourceTree = "<group>"; };
		018A08152B148F90003E924F /* TouristPhoto.swift */ = {isa = PBXFileReference; fileEncoding = 4; lastKnownFileType = sourcecode.swift; path = TouristPhoto.swift; sourceTree = "<group>"; };
		018A08162B148F90003E924F /* Size.swift */ = {isa = PBXFileReference; fileEncoding = 4; lastKnownFileType = sourcecode.swift; path = Size.swift; sourceTree = "<group>"; };
		018A08172B148F90003E924F /* Sizes.swift */ = {isa = PBXFileReference; fileEncoding = 4; lastKnownFileType = sourcecode.swift; path = Sizes.swift; sourceTree = "<group>"; };
		018A08182B148F90003E924F /* TouristPhotos.swift */ = {isa = PBXFileReference; fileEncoding = 4; lastKnownFileType = sourcecode.swift; path = TouristPhotos.swift; sourceTree = "<group>"; };
		018A081E2B148FD7003E924F /* VirtualTourist.xcdatamodel */ = {isa = PBXFileReference; lastKnownFileType = wrapper.xcdatamodel; path = VirtualTourist.xcdatamodel; sourceTree = "<group>"; };
		018A08232B1498F8003E924F /* Helper.swift */ = {isa = PBXFileReference; lastKnownFileType = sourcecode.swift; path = Helper.swift; sourceTree = "<group>"; };
		01AECAA62B0C847A00A7E5EA /* TouristExtension.swift */ = {isa = PBXFileReference; lastKnownFileType = sourcecode.swift; path = TouristExtension.swift; sourceTree = "<group>"; };
		01AECAB52B0CA20200A7E5EA /* DataController.swift */ = {isa = PBXFileReference; lastKnownFileType = sourcecode.swift; path = DataController.swift; sourceTree = "<group>"; };
		01AECABD2B0CAB7600A7E5EA /* MapViewController.swift */ = {isa = PBXFileReference; lastKnownFileType = sourcecode.swift; path = MapViewController.swift; sourceTree = "<group>"; };
		01AECABF2B0CAB8B00A7E5EA /* PhotoViewController.swift */ = {isa = PBXFileReference; lastKnownFileType = sourcecode.swift; path = PhotoViewController.swift; sourceTree = "<group>"; };
		01AF53C12B0C51E9004DBF50 /* TouristService.swift */ = {isa = PBXFileReference; lastKnownFileType = sourcecode.swift; path = TouristService.swift; sourceTree = "<group>"; };
		01CDC18E2B0E07C5005F6BD1 /* CollectionViewCell.swift */ = {isa = PBXFileReference; lastKnownFileType = sourcecode.swift; path = CollectionViewCell.swift; sourceTree = "<group>"; };
/* End PBXFileReference section */

/* Begin PBXFrameworksBuildPhase section */
		01869EA22B0B6660002859E0 /* Frameworks */ = {
			isa = PBXFrameworksBuildPhase;
			buildActionMask = 2147483647;
			files = (
			);
			runOnlyForDeploymentPostprocessing = 0;
		};
/* End PBXFrameworksBuildPhase section */

/* Begin PBXGroup section */
		01869E9C2B0B6660002859E0 = {
			isa = PBXGroup;
			children = (
				01869EA72B0B6660002859E0 /* [P03] Virtual Tourist */,
				01869EA62B0B6660002859E0 /* Products */,
			);
			sourceTree = "<group>";
		};
		01869EA62B0B6660002859E0 /* Products */ = {
			isa = PBXGroup;
			children = (
				01869EA52B0B6660002859E0 /* [P03] Virtual Tourist.app */,
			);
			name = Products;
			sourceTree = "<group>";
		};
		01869EA72B0B6660002859E0 /* [P03] Virtual Tourist */ = {
			isa = PBXGroup;
			children = (
				01AECAB42B0CA1EF00A7E5EA /* CoreData */,
				01AECAA52B0C845D00A7E5EA /* Extensions */,
				01AF53BE2B0C4FFF004DBF50 /* Controllers */,
				01AF53BD2B0C4FF6004DBF50 /* Network */,
				01869EA82B0B6660002859E0 /* AppDelegate.swift */,
				01869EAA2B0B6660002859E0 /* SceneDelegate.swift */,
				01869EAC2B0B6660002859E0 /* ViewController.swift */,
				01869EAE2B0B6660002859E0 /* Main.storyboard */,
				01869EB12B0B6663002859E0 /* Assets.xcassets */,
				01869EB32B0B6663002859E0 /* LaunchScreen.storyboard */,
				01869EB62B0B6663002859E0 /* Info.plist */,
				01CDC18E2B0E07C5005F6BD1 /* CollectionViewCell.swift */,
			);
			path = "[P03] Virtual Tourist";
			sourceTree = "<group>";
		};
		01AECAA52B0C845D00A7E5EA /* Extensions */ = {
			isa = PBXGroup;
			children = (
				01AECAA62B0C847A00A7E5EA /* TouristExtension.swift */,
				014612D62B146FDD00A15E78 /* PhotoViewExtension.swift */,
				018A08232B1498F8003E924F /* Helper.swift */,
			);
			path = Extensions;
			sourceTree = "<group>";
		};
		01AECAB42B0CA1EF00A7E5EA /* CoreData */ = {
			isa = PBXGroup;
			children = (
				018A081D2B148FD7003E924F /* VirtualTourist.xcdatamodeld */,
				01AECAB52B0CA20200A7E5EA /* DataController.swift */,
			);
			path = CoreData;
			sourceTree = "<group>";
		};
		01AF53BD2B0C4FF6004DBF50 /* Network */ = {
			isa = PBXGroup;
			children = (
				018A08162B148F90003E924F /* Size.swift */,
				018A08172B148F90003E924F /* Sizes.swift */,
				018A08152B148F90003E924F /* TouristPhoto.swift */,
				018A08182B148F90003E924F /* TouristPhotos.swift */,
				01AF53BF2B0C513D004DBF50 /* Services */,
			);
			path = Network;
			sourceTree = "<group>";
		};
		01AF53BE2B0C4FFF004DBF50 /* Controllers */ = {
			isa = PBXGroup;
			children = (
				01AECABD2B0CAB7600A7E5EA /* MapViewController.swift */,
				01AECABF2B0CAB8B00A7E5EA /* PhotoViewController.swift */,
			);
			path = Controllers;
			sourceTree = "<group>";
		};
		01AF53BF2B0C513D004DBF50 /* Services */ = {
			isa = PBXGroup;
			children = (
				01AF53C12B0C51E9004DBF50 /* TouristService.swift */,
			);
			path = Services;
			sourceTree = "<group>";
		};
/* End PBXGroup section */

/* Begin PBXNativeTarget section */
		01869EA42B0B6660002859E0 /* [P03] Virtual Tourist */ = {
			isa = PBXNativeTarget;
			buildConfigurationList = 01869EB92B0B6663002859E0 /* Build configuration list for PBXNativeTarget "[P03] Virtual Tourist" */;
			buildPhases = (
				01869EA12B0B6660002859E0 /* Sources */,
				01869EA22B0B6660002859E0 /* Frameworks */,
				01869EA32B0B6660002859E0 /* Resources */,
			);
			buildRules = (
			);
			dependencies = (
			);
			name = "[P03] Virtual Tourist";
			productName = "[P03] Virtual Tourist";
			productReference = 01869EA52B0B6660002859E0 /* [P03] Virtual Tourist.app */;
			productType = "com.apple.product-type.application";
		};
/* End PBXNativeTarget section */

/* Begin PBXProject section */
		01869E9D2B0B6660002859E0 /* Project object */ = {
			isa = PBXProject;
			attributes = {
				BuildIndependentTargetsInParallel = 1;
				LastSwiftUpdateCheck = 1500;
				LastUpgradeCheck = 1500;
				TargetAttributes = {
					01869EA42B0B6660002859E0 = {
						CreatedOnToolsVersion = 15.0.1;
					};
				};
			};
			buildConfigurationList = 01869EA02B0B6660002859E0 /* Build configuration list for PBXProject "[P03] Virtual Tourist" */;
			compatibilityVersion = "Xcode 14.0";
			developmentRegion = en;
			hasScannedForEncodings = 0;
			knownRegions = (
				en,
				Base,
			);
			mainGroup = 01869E9C2B0B6660002859E0;
			productRefGroup = 01869EA62B0B6660002859E0 /* Products */;
			projectDirPath = "";
			projectRoot = "";
			targets = (
				01869EA42B0B6660002859E0 /* [P03] Virtual Tourist */,
			);
		};
/* End PBXProject section */

/* Begin PBXResourcesBuildPhase section */
		01869EA32B0B6660002859E0 /* Resources */ = {
			isa = PBXResourcesBuildPhase;
			buildActionMask = 2147483647;
			files = (
				01869EB52B0B6663002859E0 /* LaunchScreen.storyboard in Resources */,
				01869EB22B0B6663002859E0 /* Assets.xcassets in Resources */,
				01869EB02B0B6660002859E0 /* Main.storyboard in Resources */,
			);
			runOnlyForDeploymentPostprocessing = 0;
		};
/* End PBXResourcesBuildPhase section */

/* Begin PBXSourcesBuildPhase section */
		01869EA12B0B6660002859E0 /* Sources */ = {
			isa = PBXSourcesBuildPhase;
			buildActionMask = 2147483647;
			files = (
				01AECAB62B0CA20200A7E5EA /* DataController.swift in Sources */,
				01AECAA72B0C847A00A7E5EA /* TouristExtension.swift in Sources */,
				01869EAD2B0B6660002859E0 /* ViewController.swift in Sources */,
				01869EA92B0B6660002859E0 /* AppDelegate.swift in Sources */,
				018A081F2B148FD7003E924F /* VirtualTourist.xcdatamodeld in Sources */,
				01AF53C22B0C51E9004DBF50 /* TouristService.swift in Sources */,
				018A081C2B148F90003E924F /* TouristPhotos.swift in Sources */,
				018A08242B1498F8003E924F /* Helper.swift in Sources */,
				018A08192B148F90003E924F /* TouristPhoto.swift in Sources */,
				018A081B2B148F90003E924F /* Sizes.swift in Sources */,
				014612D72B146FDD00A15E78 /* PhotoViewExtension.swift in Sources */,
				01869EAB2B0B6660002859E0 /* SceneDelegate.swift in Sources */,
				01CDC18F2B0E07C5005F6BD1 /* CollectionViewCell.swift in Sources */,
				01AECABE2B0CAB7600A7E5EA /* MapViewController.swift in Sources */,
				01AECAC02B0CAB8B00A7E5EA /* PhotoViewController.swift in Sources */,
				018A081A2B148F90003E924F /* Size.swift in Sources */,
			);
			runOnlyForDeploymentPostprocessing = 0;
		};
/* End PBXSourcesBuildPhase section */

/* Begin PBXVariantGroup section */
		01869EAE2B0B6660002859E0 /* Main.storyboard */ = {
			isa = PBXVariantGroup;
			children = (
				01869EAF2B0B6660002859E0 /* Base */,
			);
			name = Main.storyboard;
			sourceTree = "<group>";
		};
		01869EB32B0B6663002859E0 /* LaunchScreen.storyboard */ = {
			isa = PBXVariantGroup;
			children = (
				01869EB42B0B6663002859E0 /* Base */,
			);
			name = LaunchScreen.storyboard;
			sourceTree = "<group>";
		};
/* End PBXVariantGroup section */

/* Begin XCBuildConfiguration section */
		01869EB72B0B6663002859E0 /* Debug */ = {
			isa = XCBuildConfiguration;
			buildSettings = {
				ALWAYS_SEARCH_USER_PATHS = NO;
				ASSETCATALOG_COMPILER_GENERATE_SWIFT_ASSET_SYMBOL_EXTENSIONS = YES;
				CLANG_ANALYZER_NONNULL = YES;
				CLANG_ANALYZER_NUMBER_OBJECT_CONVERSION = YES_AGGRESSIVE;
				CLANG_CXX_LANGUAGE_STANDARD = "gnu++20";
				CLANG_ENABLE_MODULES = YES;
				CLANG_ENABLE_OBJC_ARC = YES;
				CLANG_ENABLE_OBJC_WEAK = YES;
				CLANG_WARN_BLOCK_CAPTURE_AUTORELEASING = YES;
				CLANG_WARN_BOOL_CONVERSION = YES;
				CLANG_WARN_COMMA = YES;
				CLANG_WARN_CONSTANT_CONVERSION = YES;
				CLANG_WARN_DEPRECATED_OBJC_IMPLEMENTATIONS = YES;
				CLANG_WARN_DIRECT_OBJC_ISA_USAGE = YES_ERROR;
				CLANG_WARN_DOCUMENTATION_COMMENTS = YES;
				CLANG_WARN_EMPTY_BODY = YES;
				CLANG_WARN_ENUM_CONVERSION = YES;
				CLANG_WARN_INFINITE_RECURSION = YES;
				CLANG_WARN_INT_CONVERSION = YES;
				CLANG_WARN_NON_LITERAL_NULL_CONVERSION = YES;
				CLANG_WARN_OBJC_IMPLICIT_RETAIN_SELF = YES;
				CLANG_WARN_OBJC_LITERAL_CONVERSION = YES;
				CLANG_WARN_OBJC_ROOT_CLASS = YES_ERROR;
				CLANG_WARN_QUOTED_INCLUDE_IN_FRAMEWORK_HEADER = YES;
				CLANG_WARN_RANGE_LOOP_ANALYSIS = YES;
				CLANG_WARN_STRICT_PROTOTYPES = YES;
				CLANG_WARN_SUSPICIOUS_MOVE = YES;
				CLANG_WARN_UNGUARDED_AVAILABILITY = YES_AGGRESSIVE;
				CLANG_WARN_UNREACHABLE_CODE = YES;
				CLANG_WARN__DUPLICATE_METHOD_MATCH = YES;
				COPY_PHASE_STRIP = NO;
				DEBUG_INFORMATION_FORMAT = dwarf;
				ENABLE_STRICT_OBJC_MSGSEND = YES;
				ENABLE_TESTABILITY = YES;
				ENABLE_USER_SCRIPT_SANDBOXING = YES;
				GCC_C_LANGUAGE_STANDARD = gnu17;
				GCC_DYNAMIC_NO_PIC = NO;
				GCC_NO_COMMON_BLOCKS = YES;
				GCC_OPTIMIZATION_LEVEL = 0;
				GCC_PREPROCESSOR_DEFINITIONS = (
					"DEBUG=1",
					"$(inherited)",
				);
				GCC_WARN_64_TO_32_BIT_CONVERSION = YES;
				GCC_WARN_ABOUT_RETURN_TYPE = YES_ERROR;
				GCC_WARN_UNDECLARED_SELECTOR = YES;
				GCC_WARN_UNINITIALIZED_AUTOS = YES_AGGRESSIVE;
				GCC_WARN_UNUSED_FUNCTION = YES;
				GCC_WARN_UNUSED_VARIABLE = YES;
				IPHONEOS_DEPLOYMENT_TARGET = 17.0;
				LOCALIZATION_PREFERS_STRING_CATALOGS = YES;
				MTL_ENABLE_DEBUG_INFO = INCLUDE_SOURCE;
				MTL_FAST_MATH = YES;
				ONLY_ACTIVE_ARCH = YES;
				SDKROOT = iphoneos;
				SWIFT_ACTIVE_COMPILATION_CONDITIONS = "DEBUG $(inherited)";
				SWIFT_OPTIMIZATION_LEVEL = "-Onone";
			};
			name = Debug;
		};
		01869EB82B0B6663002859E0 /* Release */ = {
			isa = XCBuildConfiguration;
			buildSettings = {
				ALWAYS_SEARCH_USER_PATHS = NO;
				ASSETCATALOG_COMPILER_GENERATE_SWIFT_ASSET_SYMBOL_EXTENSIONS = YES;
				CLANG_ANALYZER_NONNULL = YES;
				CLANG_ANALYZER_NUMBER_OBJECT_CONVERSION = YES_AGGRESSIVE;
				CLANG_CXX_LANGUAGE_STANDARD = "gnu++20";
				CLANG_ENABLE_MODULES = YES;
				CLANG_ENABLE_OBJC_ARC = YES;
				CLANG_ENABLE_OBJC_WEAK = YES;
				CLANG_WARN_BLOCK_CAPTURE_AUTORELEASING = YES;
				CLANG_WARN_BOOL_CONVERSION = YES;
				CLANG_WARN_COMMA = YES;
				CLANG_WARN_CONSTANT_CONVERSION = YES;
				CLANG_WARN_DEPRECATED_OBJC_IMPLEMENTATIONS = YES;
				CLANG_WARN_DIRECT_OBJC_ISA_USAGE = YES_ERROR;
				CLANG_WARN_DOCUMENTATION_COMMENTS = YES;
				CLANG_WARN_EMPTY_BODY = YES;
				CLANG_WARN_ENUM_CONVERSION = YES;
				CLANG_WARN_INFINITE_RECURSION = YES;
				CLANG_WARN_INT_CONVERSION = YES;
				CLANG_WARN_NON_LITERAL_NULL_CONVERSION = YES;
				CLANG_WARN_OBJC_IMPLICIT_RETAIN_SELF = YES;
				CLANG_WARN_OBJC_LITERAL_CONVERSION = YES;
				CLANG_WARN_OBJC_ROOT_CLASS = YES_ERROR;
				CLANG_WARN_QUOTED_INCLUDE_IN_FRAMEWORK_HEADER = YES;
				CLANG_WARN_RANGE_LOOP_ANALYSIS = YES;
				CLANG_WARN_STRICT_PROTOTYPES = YES;
				CLANG_WARN_SUSPICIOUS_MOVE = YES;
				CLANG_WARN_UNGUARDED_AVAILABILITY = YES_AGGRESSIVE;
				CLANG_WARN_UNREACHABLE_CODE = YES;
				CLANG_WARN__DUPLICATE_METHOD_MATCH = YES;
				COPY_PHASE_STRIP = NO;
				DEBUG_INFORMATION_FORMAT = "dwarf-with-dsym";
				ENABLE_NS_ASSERTIONS = NO;
				ENABLE_STRICT_OBJC_MSGSEND = YES;
				ENABLE_USER_SCRIPT_SANDBOXING = YES;
				GCC_C_LANGUAGE_STANDARD = gnu17;
				GCC_NO_COMMON_BLOCKS = YES;
				GCC_WARN_64_TO_32_BIT_CONVERSION = YES;
				GCC_WARN_ABOUT_RETURN_TYPE = YES_ERROR;
				GCC_WARN_UNDECLARED_SELECTOR = YES;
				GCC_WARN_UNINITIALIZED_AUTOS = YES_AGGRESSIVE;
				GCC_WARN_UNUSED_FUNCTION = YES;
				GCC_WARN_UNUSED_VARIABLE = YES;
				IPHONEOS_DEPLOYMENT_TARGET = 17.0;
				LOCALIZATION_PREFERS_STRING_CATALOGS = YES;
				MTL_ENABLE_DEBUG_INFO = NO;
				MTL_FAST_MATH = YES;
				SDKROOT = iphoneos;
				SWIFT_COMPILATION_MODE = wholemodule;
				VALIDATE_PRODUCT = YES;
			};
			name = Release;
		};
		01869EBA2B0B6663002859E0 /* Debug */ = {
			isa = XCBuildConfiguration;
			buildSettings = {
				ASSETCATALOG_COMPILER_APPICON_NAME = AppIcon;
				ASSETCATALOG_COMPILER_GLOBAL_ACCENT_COLOR_NAME = AccentColor;
				CODE_SIGN_STYLE = Automatic;
				CURRENT_PROJECT_VERSION = 1;
				DEVELOPMENT_TEAM = PDZFVA7NBN;
				GENERATE_INFOPLIST_FILE = YES;
				INFOPLIST_FILE = "[P03] Virtual Tourist/Info.plist";
				INFOPLIST_KEY_UIApplicationSupportsIndirectInputEvents = YES;
				INFOPLIST_KEY_UILaunchStoryboardName = LaunchScreen;
				INFOPLIST_KEY_UIMainStoryboardFile = Main;
				INFOPLIST_KEY_UISupportedInterfaceOrientations_iPad = "UIInterfaceOrientationPortrait UIInterfaceOrientationPortraitUpsideDown UIInterfaceOrientationLandscapeLeft UIInterfaceOrientationLandscapeRight";
				INFOPLIST_KEY_UISupportedInterfaceOrientations_iPhone = "UIInterfaceOrientationPortrait UIInterfaceOrientationLandscapeLeft UIInterfaceOrientationLandscapeRight";
				LD_RUNPATH_SEARCH_PATHS = (
					"$(inherited)",
					"@executable_path/Frameworks",
				);
				MARKETING_VERSION = 1.0;
				PRODUCT_BUNDLE_IDENTIFIER = "com.duynk20.-P03--Virtual-Tourist";
				PRODUCT_NAME = "$(TARGET_NAME)";
				SWIFT_EMIT_LOC_STRINGS = YES;
				SWIFT_VERSION = 5.0;
				TARGETED_DEVICE_FAMILY = "1,2";
			};
			name = Debug;
		};
		01869EBB2B0B6663002859E0 /* Release */ = {
			isa = XCBuildConfiguration;
			buildSettings = {
				ASSETCATALOG_COMPILER_APPICON_NAME = AppIcon;
				ASSETCATALOG_COMPILER_GLOBAL_ACCENT_COLOR_NAME = AccentColor;
				CODE_SIGN_STYLE = Automatic;
				CURRENT_PROJECT_VERSION = 1;
				DEVELOPMENT_TEAM = PDZFVA7NBN;
				GENERATE_INFOPLIST_FILE = YES;
				INFOPLIST_FILE = "[P03] Virtual Tourist/Info.plist";
				INFOPLIST_KEY_UIApplicationSupportsIndirectInputEvents = YES;
				INFOPLIST_KEY_UILaunchStoryboardName = LaunchScreen;
				INFOPLIST_KEY_UIMainStoryboardFile = Main;
				INFOPLIST_KEY_UISupportedInterfaceOrientations_iPad = "UIInterfaceOrientationPortrait UIInterfaceOrientationPortraitUpsideDown UIInterfaceOrientationLandscapeLeft UIInterfaceOrientationLandscapeRight";
				INFOPLIST_KEY_UISupportedInterfaceOrientations_iPhone = "UIInterfaceOrientationPortrait UIInterfaceOrientationLandscapeLeft UIInterfaceOrientationLandscapeRight";
				LD_RUNPATH_SEARCH_PATHS = (
					"$(inherited)",
					"@executable_path/Frameworks",
				);
				MARKETING_VERSION = 1.0;
				PRODUCT_BUNDLE_IDENTIFIER = "com.duynk20.-P03--Virtual-Tourist";
				PRODUCT_NAME = "$(TARGET_NAME)";
				SWIFT_EMIT_LOC_STRINGS = YES;
				SWIFT_VERSION = 5.0;
				TARGETED_DEVICE_FAMILY = "1,2";
			};
			name = Release;
		};
/* End XCBuildConfiguration section */

/* Begin XCConfigurationList section */
		01869EA02B0B6660002859E0 /* Build configuration list for PBXProject "[P03] Virtual Tourist" */ = {
			isa = XCConfigurationList;
			buildConfigurations = (
				01869EB72B0B6663002859E0 /* Debug */,
				01869EB82B0B6663002859E0 /* Release */,
			);
			defaultConfigurationIsVisible = 0;
			defaultConfigurationName = Release;
		};
		01869EB92B0B6663002859E0 /* Build configuration list for PBXNativeTarget "[P03] Virtual Tourist" */ = {
			isa = XCConfigurationList;
			buildConfigurations = (
				01869EBA2B0B6663002859E0 /* Debug */,
				01869EBB2B0B6663002859E0 /* Release */,
			);
			defaultConfigurationIsVisible = 0;
			defaultConfigurationName = Release;
		};
/* End XCConfigurationList section */

/* Begin XCVersionGroup section */
		018A081D2B148FD7003E924F /* VirtualTourist.xcdatamodeld */ = {
			isa = XCVersionGroup;
			children = (
				018A081E2B148FD7003E924F /* VirtualTourist.xcdatamodel */,
			);
			currentVersion = 018A081E2B148FD7003E924F /* VirtualTourist.xcdatamodel */;
			path = VirtualTourist.xcdatamodeld;
			sourceTree = "<group>";
			versionGroupType = wrapper.xcdatamodel;
		};
/* End XCVersionGroup section */
	};
	rootObject = 01869E9D2B0B6660002859E0 /* Project object */;
}
